{
  "version": 4,
  "terraform_version": "1.10.5",
  "serial": 5,
  "lineage": "1bfc8eac-146b-d582-03a1-c8406bc2c5cf",
  "outputs": {
    "codebuild_project_arn": {
      "value": "arn:aws:codebuild:us-east-2:923159238841:project/dp-dev-19-testinrestore",
      "type": "string"
    },
    "codebuild_project_name": {
      "value": "dp-dev-19-testinrestore",
      "type": "string"
    },
    "database_name": {
      "value": "db-19-testinrestore-dev",
      "type": "string"
    },
    "database_username": {
      "value": "user",
      "type": "string"
    },
    "dns_record": {
      "value": "testinrestoredev.mat-itops.com",
      "type": "string"
    },
    "instance_name": {
      "value": "dev-lightsail-19-testinrestore",
      "type": "string"
    },
    "instance_public_ip": {
      "value": "13.59.230.136",
      "type": "string"
    },
    "site_secrets_arn": {
      "value": "arn:aws:secretsmanager:us-east-2:923159238841:secret:sites/dev/19/testinrestore-ljMPnM",
      "type": "string"
    },
    "ssh": {
      "value": "-----BEGIN RSA PRIVATE KEY-----\nMIIEowIBAAKCAQEAyAeWdAmlPkE1DwKg5NmRC3OpDO6si8p72BXSpGSv4gy5ask6\nTp/E5lUD4rpUBKlKSKta+9HPBTXLjOzAqpH0s+yjt0Yykgkcusvw0Y9NssmjELWO\n3lYo1PRx4VsO1eqO4ayXI0mXXqk4Blw7Owc1jYNpvtKZqwW0IafHhJbBAisrLOKj\n61xdx6Pbz4FqoExw/H4ogF+wzHt8YBajs0/QwfE9aoaGQInVXEHDo8hfwO/eE2uV\n3bCCiuj0BAl4e+S1QuDkOVtWMuvy04OTClYLX6HdW2Wy9fcAhIshb4B3xhU2wlkm\nmI98EkXWl6/fYowLMf/kFMtzRoXnjzF9f2hSqwIDAQABAoIBAFltqwIt3ca7eHFB\nh5VI/+PSzd2OR24oFL5C423D5i516d+oH31PSMSBdb9D9pQu65sZoQ+8eYWmy14x\n6uFXZ8OZJIinxawsjr+ktgG6w84O/+xUf48/jfnHX7KU90kEGOUkOF36ZMZZeUa+\nrWxyiKq/+eLqXPFtF1+El1rb22aQA7JILe6LRPSIGFItWz9/ZrSiNmKPXo8bZ8P5\n6NBsWOQIxvCeh3kB927cPE0hLJ1hdvyJg1RLqIlWZ5O+eMwmqkmVxxUZi9pkRjX/\nZi24XCe6RbHA7tXlV4fORdsvpqGIKi13T0v71WcSOo+nbvCBag1FIY0gbkzJB3EN\nAS4XMUECgYEA7Dp2pA1rQUugCgBS4ExqI1diGFAJnHT5Xc3wLucRzQfb/N40fbL6\n7fC3ebt9fXamQe0uIfmLHdFwTYMJhsif7zizkg1HBQirLNN3pJf7ZS1eHwPRMel1\nX9Y7OPk97nHf/BQaso3vcx1jqBdh3DLlFYXhEQ1PFfTlc52MX3rfTBMCgYEA2MWD\nhKYMVzwwcRYLFv05BuiEkZj1KBnpTFMEnm+4/OiV1ndfjsudXnLP++PFbyWA02u/\ntUO9adpv8K5zRT1tDFrEtp/2z9riF4QRsko+4irwacQJyYIJos2Bc3DLczItpdq4\nhdYssRrXVVAXyMCU8E091Y+PIxVhghR8LDb/ggkCgYEA273KjPJamgOiHIuOjE0o\n0jU/78PMHPkG2kZuLQMPIP01mvSMOX1bRCkOUzOgGSxcnajmp/38dcFUSRYir3lC\npQHGsI6fSMR2jp0rhzVFSim4ivs/BsHXSE39CxN2k67kHxYIe53iZt+oyzzs8Ct7\nw9iksvsBXThQlIqygELJIncCgYAAr0cGETwyvlbs1IP+c5hNhEh+6TvE/6fz/MMj\n+PhdnCJ1BfWATvZVSQmNIyAJhNXOVSXK3cboYa8+1F461sHUayj55rFx4KAcMOeZ\nZ5ChSD9wJhVd1JJROFLzWWTbHUp1nqY8jfugJ5SMiW85zBnsVGIgnY53Luca8ROf\nVCEkeQKBgD7X1FwI0ELgeW+1FVdLRshPEIjwWa5kWVt96RiNNhBAgjh5Q1EVYuYX\n/QZYStaBKlKogcUliW/nYjbRYAEWZmFwRNrwwcvYA3iOxQtt8U53N6zhFvm1B908\nNYoqpIB7hFej8+AiDNlyfDEKIhR3ombJAETPsMJ+5eIU0FMnYPID\n-----END RSA PRIVATE KEY-----",
      "type": "string"
    },
    "ssh_key_secret_arn": {
      "value": "arn:aws:secretsmanager:us-east-2:923159238841:secret:ssh/dev/19/testinrestore-GYzmdY",
      "type": "string"
    },
    "token_github": {
      "value": "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",
      "type": "string",
      "sensitive": true
    },
    "www_dns_record": {
      "value": "www.testinrestoredev.mat-itops.com",
      "type": "string"
    }
  },
  "resources": [
    {
      "mode": "managed",
      "type": "aws_lightsail_disk",
      "name": "disk",
      "provider": "provider[\"registry.terraform.io/hashicorp/aws\"]",
      "instances": [
        {
          "schema_version": 0,
          "attributes": {
            "arn": "arn:aws:lightsail:us-east-2:923159238841:Disk/10a107ee-446a-4a85-9a0f-7497ddb3b29a",
            "availability_zone": "us-east-2a",
            "created_at": "2025-07-04T15:54:55Z",
            "id": "dev-disk-19-testinrestore",
            "name": "dev-disk-19-testinrestore",
            "size_in_gb": 8,
            "support_code": "256881178612/vol-025ca97c7acb8a025",
            "tags": {
              "AccountID": "923159238841",
              "DeployedAt": "2025-07-04T15:54:54Z",
              "SiteName": "testinrestore",
              "UserID": "19"
            },
            "tags_all": {
              "AccountID": "923159238841",
              "DeployedAt": "2025-07-04T15:54:54Z",
              "SiteName": "testinrestore",
              "UserID": "19"
            }
          },
          "sensitive_attributes": [],
          "private": "bnVsbA=="
        }
      ]
    },
    {
      "mode": "managed",
      "type": "aws_lightsail_disk_attachment",
      "name": "disk_attachment",
      "provider": "provider[\"registry.terraform.io/hashicorp/aws\"]",
      "instances": [
        {
          "schema_version": 0,
          "attributes": {
            "disk_name": "dev-disk-19-testinrestore",
            "disk_path": "/dev/xvdf",
            "id": "dev-disk-19-testinrestore,dev-lightsail-19-testinrestore",
            "instance_name": "dev-lightsail-19-testinrestore"
          },
          "sensitive_attributes": [],
          "private": "bnVsbA==",
          "dependencies": [
            "aws_lightsail_disk.disk",
            "aws_lightsail_instance.instance",
            "aws_lightsail_key_pair.key"
          ]
        }
      ]
    },
    {
      "mode": "managed",
      "type": "aws_lightsail_instance",
      "name": "instance",
      "provider": "provider[\"registry.terraform.io/hashicorp/aws\"]",
      "instances": [
        {
          "schema_version": 0,
          "attributes": {
            "add_on": [
              {
                "snapshot_time": "06:00",
                "status": "Enabled",
                "type": "AutoSnapshot"
              }
            ],
            "arn": "arn:aws:lightsail:us-east-2:923159238841:Instance/402a1a17-930a-4719-8a6f-731842ecdd7e",
            "availability_zone": "us-east-2a",
            "blueprint_id": "amazon_linux_2",
            "bundle_id": "micro_3_0",
            "cpu_count": 2,
            "created_at": "2025-07-04T15:55:01Z",
            "id": "dev-lightsail-19-testinrestore",
            "ip_address_type": "dualstack",
            "ipv6_addresses": [
              "2600:1f16:13c1:8600:d99a:6144:8a27:876a"
            ],
            "is_static_ip": false,
            "key_pair_name": "key-19-testinrestore-dev",
            "name": "dev-lightsail-19-testinrestore",
            "private_ip_address": "172.26.10.5",
            "public_ip_address": "3.147.57.184",
            "ram_size": 1,
            "tags": {
              "AccountID": "923159238841",
              "DeployedAt": "2025-07-04T15:55:01Z",
              "Environment": "dev",
              "SiteName": "testinrestore",
              "UserID": "19"
            },
            "tags_all": {
              "AccountID": "923159238841",
              "DeployedAt": "2025-07-04T15:55:01Z",
              "Environment": "dev",
              "SiteName": "testinrestore",
              "UserID": "19"
            },
            "user_data": "sudo yum update -y \u0026\u0026 sudo yum install -y docker \u0026\u0026 sudo systemctl start docker \u0026\u0026 sudo systemctl enable docker \u0026\u0026 sudo usermod -aG docker ec2-user \u0026\u0026 sudo mkdir -p /var/www/html \u0026\u0026 echo '\u003c!DOCTYPE html\u003e\u003chtml\u003e\u003cbody\u003e\u003ch1\u003eDocker Host Ready\u003c/h1\u003e\u003c/body\u003e\u003c/html\u003e' | sudo tee /var/www/html/index.html",
            "username": "ec2-user"
          },
          "sensitive_attributes": [],
          "private": "bnVsbA==",
          "dependencies": [
            "aws_lightsail_key_pair.key"
          ]
        }
      ]
    },
    {
      "mode": "managed",
      "type": "aws_lightsail_instance_public_ports",
      "name": "ports",
      "provider": "provider[\"registry.terraform.io/hashicorp/aws\"]",
      "instances": [
        {
          "schema_version": 0,
          "attributes": {
            "id": "dev-lightsail-19-testinrestore-1421794143",
            "instance_name": "dev-lightsail-19-testinrestore",
            "port_info": [
              {
                "cidr_list_aliases": [],
                "cidrs": [
                  "0.0.0.0/0"
                ],
                "from_port": 22,
                "ipv6_cidrs": [
                  "::/0"
                ],
                "protocol": "tcp",
                "to_port": 22
              },
              {
                "cidr_list_aliases": [],
                "cidrs": [
                  "0.0.0.0/0"
                ],
                "from_port": 443,
                "ipv6_cidrs": [
                  "::/0"
                ],
                "protocol": "tcp",
                "to_port": 443
              },
              {
                "cidr_list_aliases": [],
                "cidrs": [
                  "0.0.0.0/0"
                ],
                "from_port": 80,
                "ipv6_cidrs": [
                  "::/0"
                ],
                "protocol": "tcp",
                "to_port": 80
              }
            ]
          },
          "sensitive_attributes": [],
          "private": "bnVsbA==",
          "dependencies": [
            "aws_lightsail_instance.instance",
            "aws_lightsail_key_pair.key"
          ]
        }
      ]
    },
    {
      "mode": "managed",
      "type": "aws_lightsail_key_pair",
      "name": "key",
      "provider": "provider[\"registry.terraform.io/hashicorp/aws\"]",
      "instances": [
        {
          "schema_version": 0,
          "attributes": {
            "arn": "arn:aws:lightsail:us-east-2:923159238841:KeyPair/4b68f13e-d51c-48ee-ab55-421931fafdbe",
            "encrypted_fingerprint": null,
            "encrypted_private_key": null,
            "fingerprint": "f5:c7:f4:4c:2e:ee:35:47:fa:73:fe:d0:73:41:78:8a:a1:ad:8a:0c",
            "id": "key-19-testinrestore-dev",
            "name": "key-19-testinrestore-dev",
            "name_prefix": "",
            "pgp_key": null,
            "private_key": "-----BEGIN RSA PRIVATE KEY-----\nMIIEowIBAAKCAQEAyAeWdAmlPkE1DwKg5NmRC3OpDO6si8p72BXSpGSv4gy5ask6\nTp/E5lUD4rpUBKlKSKta+9HPBTXLjOzAqpH0s+yjt0Yykgkcusvw0Y9NssmjELWO\n3lYo1PRx4VsO1eqO4ayXI0mXXqk4Blw7Owc1jYNpvtKZqwW0IafHhJbBAisrLOKj\n61xdx6Pbz4FqoExw/H4ogF+wzHt8YBajs0/QwfE9aoaGQInVXEHDo8hfwO/eE2uV\n3bCCiuj0BAl4e+S1QuDkOVtWMuvy04OTClYLX6HdW2Wy9fcAhIshb4B3xhU2wlkm\nmI98EkXWl6/fYowLMf/kFMtzRoXnjzF9f2hSqwIDAQABAoIBAFltqwIt3ca7eHFB\nh5VI/+PSzd2OR24oFL5C423D5i516d+oH31PSMSBdb9D9pQu65sZoQ+8eYWmy14x\n6uFXZ8OZJIinxawsjr+ktgG6w84O/+xUf48/jfnHX7KU90kEGOUkOF36ZMZZeUa+\nrWxyiKq/+eLqXPFtF1+El1rb22aQA7JILe6LRPSIGFItWz9/ZrSiNmKPXo8bZ8P5\n6NBsWOQIxvCeh3kB927cPE0hLJ1hdvyJg1RLqIlWZ5O+eMwmqkmVxxUZi9pkRjX/\nZi24XCe6RbHA7tXlV4fORdsvpqGIKi13T0v71WcSOo+nbvCBag1FIY0gbkzJB3EN\nAS4XMUECgYEA7Dp2pA1rQUugCgBS4ExqI1diGFAJnHT5Xc3wLucRzQfb/N40fbL6\n7fC3ebt9fXamQe0uIfmLHdFwTYMJhsif7zizkg1HBQirLNN3pJf7ZS1eHwPRMel1\nX9Y7OPk97nHf/BQaso3vcx1jqBdh3DLlFYXhEQ1PFfTlc52MX3rfTBMCgYEA2MWD\nhKYMVzwwcRYLFv05BuiEkZj1KBnpTFMEnm+4/OiV1ndfjsudXnLP++PFbyWA02u/\ntUO9adpv8K5zRT1tDFrEtp/2z9riF4QRsko+4irwacQJyYIJos2Bc3DLczItpdq4\nhdYssRrXVVAXyMCU8E091Y+PIxVhghR8LDb/ggkCgYEA273KjPJamgOiHIuOjE0o\n0jU/78PMHPkG2kZuLQMPIP01mvSMOX1bRCkOUzOgGSxcnajmp/38dcFUSRYir3lC\npQHGsI6fSMR2jp0rhzVFSim4ivs/BsHXSE39CxN2k67kHxYIe53iZt+oyzzs8Ct7\nw9iksvsBXThQlIqygELJIncCgYAAr0cGETwyvlbs1IP+c5hNhEh+6TvE/6fz/MMj\n+PhdnCJ1BfWATvZVSQmNIyAJhNXOVSXK3cboYa8+1F461sHUayj55rFx4KAcMOeZ\nZ5ChSD9wJhVd1JJROFLzWWTbHUp1nqY8jfugJ5SMiW85zBnsVGIgnY53Luca8ROf\nVCEkeQKBgD7X1FwI0ELgeW+1FVdLRshPEIjwWa5kWVt96RiNNhBAgjh5Q1EVYuYX\n/QZYStaBKlKogcUliW/nYjbRYAEWZmFwRNrwwcvYA3iOxQtt8U53N6zhFvm1B908\nNYoqpIB7hFej8+AiDNlyfDEKIhR3ombJAETPsMJ+5eIU0FMnYPID\n-----END RSA PRIVATE KEY-----",
            "public_key": "ssh-rsa ssh-rsa AAAAB3NzaC1yc2EAAAADAQABAAABAQDIB5Z0CaU+QTUPAqDk2ZELc6kM7qyLynvYFdKkZK/iDLlqyTpOn8TmVQPiulQEqUpIq1r70c8FNcuM7MCqkfSz7KO3RjKSCRy6y/DRj02yyaMQtY7eVijU9HHhWw7V6o7hrJcjSZdeqTgGXDs7BzWNg2m+0pmrBbQhp8eElsECKyss4qPrXF3Ho9vPgWqgTHD8fiiAX7DMe3xgFqOzT9DB8T1qhoZAidVcQcOjyF/A794Ta5XdsIKK6PQECXh75LVC4OQ5W1Yy6/LTg5MKVgtfod1bZbL19wCEiyFvgHfGFTbCWSaYj3wSRdaXr99ijAsx/+QUy3NGheePMX1/aFKr ",
            "tags": null,
            "tags_all": {}
          },
          "sensitive_attributes": [],
          "private": "bnVsbA=="
        }
      ]
    },
    {
      "mode": "managed",
      "type": "aws_lightsail_static_ip",
      "name": "static_ip",
      "provider": "provider[\"registry.terraform.io/hashicorp/aws\"]",
      "instances": [
        {
          "schema_version": 0,
          "attributes": {
            "arn": "arn:aws:lightsail:us-east-2:923159238841:StaticIp/8b2303d5-c5b5-446b-82a1-bf204f52ce0c",
            "id": "static-ip-19-testinrestore-dev",
            "ip_address": "13.59.230.136",
            "name": "static-ip-19-testinrestore-dev",
            "support_code": "256881178612/13.59.230.136"
          },
          "sensitive_attributes": [],
          "private": "bnVsbA=="
        }
      ]
    },
    {
      "mode": "managed",
      "type": "aws_lightsail_static_ip_attachment",
      "name": "static_ip_attachment",
      "provider": "provider[\"registry.terraform.io/hashicorp/aws\"]",
      "instances": [
        {
          "schema_version": 0,
          "attributes": {
            "id": "static-ip-19-testinrestore-dev",
            "instance_name": "dev-lightsail-19-testinrestore",
            "ip_address": "13.59.230.136",
            "static_ip_name": "static-ip-19-testinrestore-dev"
          },
          "sensitive_attributes": [],
          "private": "bnVsbA==",
          "dependencies": [
            "aws_lightsail_instance.instance",
            "aws_lightsail_key_pair.key",
            "aws_lightsail_static_ip.static_ip"
          ]
        }
      ]
    },
    {
      "mode": "managed",
      "type": "aws_secretsmanager_secret",
      "name": "site_secrets",
      "provider": "provider[\"registry.terraform.io/hashicorp/aws\"]",
      "instances": [
        {
          "schema_version": 0,
          "attributes": {
            "arn": "arn:aws:secretsmanager:us-east-2:923159238841:secret:sites/dev/19/testinrestore-ljMPnM",
            "description": "",
            "force_overwrite_replica_secret": false,
            "id": "arn:aws:secretsmanager:us-east-2:923159238841:secret:sites/dev/19/testinrestore-ljMPnM",
            "kms_key_id": "",
            "name": "sites/dev/19/testinrestore",
            "name_prefix": "",
            "policy": "",
            "recovery_window_in_days": 30,
            "replica": [],
            "tags": {
              "AccountID": "923159238841",
              "Environment": "dev",
              "SiteName": "testinrestore",
              "UserID": "19"
            },
            "tags_all": {
              "AccountID": "923159238841",
              "Environment": "dev",
              "SiteName": "testinrestore",
              "UserID": "19"
            }
          },
          "sensitive_attributes": [],
          "private": "bnVsbA=="
        }
      ]
    },
    {
      "mode": "managed",
      "type": "aws_secretsmanager_secret",
      "name": "ssh_key",
      "provider": "provider[\"registry.terraform.io/hashicorp/aws\"]",
      "instances": [
        {
          "schema_version": 0,
          "attributes": {
            "arn": "arn:aws:secretsmanager:us-east-2:923159238841:secret:ssh/dev/19/testinrestore-GYzmdY",
            "description": "SSH private key for dev-lightsail-19-testinrestore",
            "force_overwrite_replica_secret": false,
            "id": "arn:aws:secretsmanager:us-east-2:923159238841:secret:ssh/dev/19/testinrestore-GYzmdY",
            "kms_key_id": "",
            "name": "ssh/dev/19/testinrestore",
            "name_prefix": "",
            "policy": "",
            "recovery_window_in_days": 30,
            "replica": [],
            "tags": {
              "AccountID": "923159238841",
              "Environment": "dev",
              "SiteName": "testinrestore",
              "UserID": "19"
            },
            "tags_all": {
              "AccountID": "923159238841",
              "Environment": "dev",
              "SiteName": "testinrestore",
              "UserID": "19"
            }
          },
          "sensitive_attributes": [],
          "private": "bnVsbA==",
          "dependencies": [
            "aws_lightsail_instance.instance",
            "aws_lightsail_key_pair.key"
          ]
        }
      ]
    },
    {
      "mode": "managed",
      "type": "aws_secretsmanager_secret_version",
      "name": "ssh_key_version",
      "provider": "provider[\"registry.terraform.io/hashicorp/aws\"]",
      "instances": [
        {
          "schema_version": 0,
          "attributes": {
            "arn": "arn:aws:secretsmanager:us-east-2:923159238841:secret:ssh/dev/19/testinrestore-GYzmdY",
            "has_secret_string_wo": null,
            "id": "arn:aws:secretsmanager:us-east-2:923159238841:secret:ssh/dev/19/testinrestore-GYzmdY|terraform-20250704155607486400000003",
            "secret_binary": "",
            "secret_id": "arn:aws:secretsmanager:us-east-2:923159238841:secret:ssh/dev/19/testinrestore-GYzmdY",
            "secret_string": "-----BEGIN RSA PRIVATE KEY-----\nMIIEowIBAAKCAQEAyAeWdAmlPkE1DwKg5NmRC3OpDO6si8p72BXSpGSv4gy5ask6\nTp/E5lUD4rpUBKlKSKta+9HPBTXLjOzAqpH0s+yjt0Yykgkcusvw0Y9NssmjELWO\n3lYo1PRx4VsO1eqO4ayXI0mXXqk4Blw7Owc1jYNpvtKZqwW0IafHhJbBAisrLOKj\n61xdx6Pbz4FqoExw/H4ogF+wzHt8YBajs0/QwfE9aoaGQInVXEHDo8hfwO/eE2uV\n3bCCiuj0BAl4e+S1QuDkOVtWMuvy04OTClYLX6HdW2Wy9fcAhIshb4B3xhU2wlkm\nmI98EkXWl6/fYowLMf/kFMtzRoXnjzF9f2hSqwIDAQABAoIBAFltqwIt3ca7eHFB\nh5VI/+PSzd2OR24oFL5C423D5i516d+oH31PSMSBdb9D9pQu65sZoQ+8eYWmy14x\n6uFXZ8OZJIinxawsjr+ktgG6w84O/+xUf48/jfnHX7KU90kEGOUkOF36ZMZZeUa+\nrWxyiKq/+eLqXPFtF1+El1rb22aQA7JILe6LRPSIGFItWz9/ZrSiNmKPXo8bZ8P5\n6NBsWOQIxvCeh3kB927cPE0hLJ1hdvyJg1RLqIlWZ5O+eMwmqkmVxxUZi9pkRjX/\nZi24XCe6RbHA7tXlV4fORdsvpqGIKi13T0v71WcSOo+nbvCBag1FIY0gbkzJB3EN\nAS4XMUECgYEA7Dp2pA1rQUugCgBS4ExqI1diGFAJnHT5Xc3wLucRzQfb/N40fbL6\n7fC3ebt9fXamQe0uIfmLHdFwTYMJhsif7zizkg1HBQirLNN3pJf7ZS1eHwPRMel1\nX9Y7OPk97nHf/BQaso3vcx1jqBdh3DLlFYXhEQ1PFfTlc52MX3rfTBMCgYEA2MWD\nhKYMVzwwcRYLFv05BuiEkZj1KBnpTFMEnm+4/OiV1ndfjsudXnLP++PFbyWA02u/\ntUO9adpv8K5zRT1tDFrEtp/2z9riF4QRsko+4irwacQJyYIJos2Bc3DLczItpdq4\nhdYssRrXVVAXyMCU8E091Y+PIxVhghR8LDb/ggkCgYEA273KjPJamgOiHIuOjE0o\n0jU/78PMHPkG2kZuLQMPIP01mvSMOX1bRCkOUzOgGSxcnajmp/38dcFUSRYir3lC\npQHGsI6fSMR2jp0rhzVFSim4ivs/BsHXSE39CxN2k67kHxYIe53iZt+oyzzs8Ct7\nw9iksvsBXThQlIqygELJIncCgYAAr0cGETwyvlbs1IP+c5hNhEh+6TvE/6fz/MMj\n+PhdnCJ1BfWATvZVSQmNIyAJhNXOVSXK3cboYa8+1F461sHUayj55rFx4KAcMOeZ\nZ5ChSD9wJhVd1JJROFLzWWTbHUp1nqY8jfugJ5SMiW85zBnsVGIgnY53Luca8ROf\nVCEkeQKBgD7X1FwI0ELgeW+1FVdLRshPEIjwWa5kWVt96RiNNhBAgjh5Q1EVYuYX\n/QZYStaBKlKogcUliW/nYjbRYAEWZmFwRNrwwcvYA3iOxQtt8U53N6zhFvm1B908\nNYoqpIB7hFej8+AiDNlyfDEKIhR3ombJAETPsMJ+5eIU0FMnYPID\n-----END RSA PRIVATE KEY-----",
            "secret_string_wo": null,
            "secret_string_wo_version": null,
            "version_id": "terraform-20250704155607486400000003",
            "version_stages": [
              "AWSCURRENT"
            ]
          },
          "sensitive_attributes": [
            [
              {
                "type": "get_attr",
                "value": "secret_binary"
              }
            ],
            [
              {
                "type": "get_attr",
                "value": "secret_string_wo"
              }
            ],
            [
              {
                "type": "get_attr",
                "value": "secret_string"
              }
            ]
          ],
          "private": "bnVsbA==",
          "dependencies": [
            "aws_lightsail_instance.instance",
            "aws_lightsail_key_pair.key",
            "aws_secretsmanager_secret.ssh_key"
          ]
        }
      ]
    },
    {
      "mode": "managed",
      "type": "random_password",
      "name": "db_password",
      "provider": "provider[\"registry.terraform.io/hashicorp/random\"]",
      "instances": [
        {
          "schema_version": 3,
          "attributes": {
            "bcrypt_hash": "$2a$10$xTC.AdVcDGcMtpCJwZYV4.Y54Nuy86yKlgWun9CF48a4I8Tbk1yRu",
            "id": "none",
            "keepers": null,
            "length": 16,
            "lower": true,
            "min_lower": 0,
            "min_numeric": 0,
            "min_special": 0,
            "min_upper": 0,
            "number": true,
            "numeric": true,
            "override_special": "!#$%\u0026*()-_=+",
            "result": "2kTH\u00268oEo8QqP9YQ",
            "special": true,
            "upper": true
          },
          "sensitive_attributes": [
            [
              {
                "type": "get_attr",
                "value": "bcrypt_hash"
              }
            ],
            [
              {
                "type": "get_attr",
                "value": "result"
              }
            ]
          ]
        }
      ]
    },
    {
      "mode": "managed",
      "type": "random_string",
      "name": "webhook_secret",
      "provider": "provider[\"registry.terraform.io/hashicorp/random\"]",
      "instances": [
        {
          "schema_version": 2,
          "attributes": {
            "id": "W60Avy5uGg2rrLaGTtzNXOuAu4amMQOD",
            "keepers": null,
            "length": 32,
            "lower": true,
            "min_lower": 0,
            "min_numeric": 0,
            "min_special": 0,
            "min_upper": 0,
            "number": true,
            "numeric": true,
            "override_special": null,
            "result": "W60Avy5uGg2rrLaGTtzNXOuAu4amMQOD",
            "special": false,
            "upper": true
          },
          "sensitive_attributes": []
        }
      ]
    },
    {
      "module": "module.codebuild",
      "mode": "data",
      "type": "aws_caller_identity",
      "name": "current",
      "provider": "provider[\"registry.terraform.io/hashicorp/aws\"]",
      "instances": [
        {
          "schema_version": 0,
          "attributes": {
            "account_id": "923159238841",
            "arn": "arn:aws:sts::923159238841:assumed-role/OrganizationAccountAccessRole/UserSession",
            "id": "923159238841",
            "user_id": "AROA5N4EUDC4REPFULWB4:UserSession"
          },
          "sensitive_attributes": []
        }
      ]
    },
    {
      "module": "module.codebuild",
      "mode": "data",
      "type": "aws_secretsmanager_secret_version",
      "name": "github_pat",
      "provider": "provider[\"registry.terraform.io/hashicorp/aws\"]",
      "instances": [
        {
          "schema_version": 0,
          "attributes": {
            "arn": "arn:aws:secretsmanager:us-east-2:923159238841:secret:sites/19/PAT-WL0cTQ",
            "created_date": "2025-05-16T11:07:20Z",
            "id": "sites/19/PAT|AWSCURRENT",
            "secret_binary": "",
            "secret_id": "sites/19/PAT",
            "secret_string": "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",
            "version_id": "9845b00d-7f5e-4351-9205-16ced7362204",
            "version_stage": "AWSCURRENT",
            "version_stages": [
              "AWSCURRENT"
            ]
          },
          "sensitive_attributes": [
            [
              {
                "type": "get_attr",
                "value": "secret_string"
              }
            ],
            [
              {
                "type": "get_attr",
                "value": "secret_binary"
              }
            ]
          ]
        }
      ]
    },
    {
      "module": "module.codebuild",
      "mode": "managed",
      "type": "aws_codebuild_project",
      "name": "project",
      "provider": "provider[\"registry.terraform.io/hashicorp/aws\"]",
      "instances": [
        {
          "schema_version": 0,
          "attributes": {
            "arn": "arn:aws:codebuild:us-east-2:923159238841:project/dp-dev-19-testinrestore",
            "artifacts": [
              {
                "artifact_identifier": "",
                "bucket_owner_access": "",
                "encryption_disabled": false,
                "location": "",
                "name": "",
                "namespace_type": "",
                "override_artifact_name": false,
                "packaging": "",
                "path": "",
                "type": "NO_ARTIFACTS"
              }
            ],
            "badge_enabled": false,
            "badge_url": "",
            "build_batch_config": [],
            "build_timeout": 60,
            "cache": [
              {
                "location": "",
                "modes": [],
                "type": "NO_CACHE"
              }
            ],
            "concurrent_build_limit": 0,
            "description": "CodeBuild project for Drupal deployment",
            "encryption_key": "arn:aws:kms:us-east-2:923159238841:alias/aws/s3",
            "environment": [
              {
                "certificate": "",
                "compute_type": "BUILD_GENERAL1_SMALL",
                "environment_variable": [
                  {
                    "name": "USER_ID",
                    "type": "PLAINTEXT",
                    "value": "19"
                  },
                  {
                    "name": "SITE_NAME",
                    "type": "PLAINTEXT",
                    "value": "testinrestore"
                  },
                  {
                    "name": "TARGET_IP",
                    "type": "PLAINTEXT",
                    "value": "13.59.230.136"
                  },
                  {
                    "name": "SSH_USER",
                    "type": "PLAINTEXT",
                    "value": "ec2-user"
                  },
                  {
                    "name": "SITE_SECRET_NAME",
                    "type": "PLAINTEXT",
                    "value": "sites/dev/19/testinrestore"
                  },
                  {
                    "name": "SECRET_PATH",
                    "type": "PLAINTEXT",
                    "value": "ssh/dev/19/testinrestore"
                  },
                  {
                    "name": "DOCKER_IMAGE",
                    "type": "PLAINTEXT",
                    "value": "jesstg/drupal-test:latest"
                  },
                  {
                    "name": "DB_PORT",
                    "type": "PLAINTEXT",
                    "value": "3306"
                  },
                  {
                    "name": "AWS_REGION",
                    "type": "PLAINTEXT",
                    "value": "us-east-2"
                  }
                ],
                "fleet": [],
                "image": "aws/codebuild/standard:7.0",
                "image_pull_credentials_type": "CODEBUILD",
                "privileged_mode": true,
                "registry_credential": [],
                "type": "LINUX_CONTAINER"
              }
            ],
            "file_system_locations": [],
            "id": "arn:aws:codebuild:us-east-2:923159238841:project/dp-dev-19-testinrestore",
            "logs_config": [
              {
                "cloudwatch_logs": [
                  {
                    "group_name": "",
                    "status": "ENABLED",
                    "stream_name": ""
                  }
                ],
                "s3_logs": [
                  {
                    "bucket_owner_access": "",
                    "encryption_disabled": false,
                    "location": "",
                    "status": "DISABLED"
                  }
                ]
              }
            ],
            "name": "dp-dev-19-testinrestore",
            "project_visibility": "PRIVATE",
            "public_project_alias": "",
            "queued_timeout": 480,
            "resource_access_role": "",
            "secondary_artifacts": [],
            "secondary_source_version": [],
            "secondary_sources": [],
            "service_role": "arn:aws:iam::923159238841:role/dp-dev-19-testinrestore-codebuild-role-dev",
            "source": [
              {
                "auth": [],
                "build_status_config": [],
                "buildspec": "buildspec_dev.yml",
                "git_clone_depth": 1,
                "git_submodules_config": [],
                "insecure_ssl": false,
                "location": "https://github.com/jess92588/drupal-19-testinrestore",
                "report_build_status": false,
                "type": "GITHUB"
              }
            ],
            "source_version": "",
            "tags": null,
            "tags_all": {},
            "vpc_config": []
          },
          "sensitive_attributes": [],
          "private": "bnVsbA==",
          "dependencies": [
            "aws_lightsail_static_ip.static_ip",
            "module.codebuild.aws_codebuild_source_credential.github_credential",
            "module.codebuild.aws_iam_role.codebuild_role",
            "module.codebuild.data.aws_secretsmanager_secret_version.github_pat"
          ]
        }
      ]
    },
    {
      "module": "module.codebuild",
      "mode": "managed",
      "type": "aws_codebuild_source_credential",
      "name": "github_credential",
      "provider": "provider[\"registry.terraform.io/hashicorp/aws\"]",
      "instances": [
        {
          "schema_version": 0,
          "attributes": {
            "arn": "arn:aws:codebuild:us-east-2:923159238841:token/github",
            "auth_type": "PERSONAL_ACCESS_TOKEN",
            "id": "arn:aws:codebuild:us-east-2:923159238841:token/github",
            "server_type": "GITHUB",
            "token": "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",
            "user_name": null
          },
          "sensitive_attributes": [
            [
              {
                "type": "get_attr",
                "value": "token"
              }
            ]
          ],
          "private": "bnVsbA==",
          "dependencies": [
            "module.codebuild.data.aws_secretsmanager_secret_version.github_pat"
          ]
        }
      ]
    },
    {
      "module": "module.codebuild",
      "mode": "managed",
      "type": "aws_codebuild_webhook",
      "name": "webhook",
      "provider": "provider[\"registry.terraform.io/hashicorp/aws\"]",
      "instances": [
        {
          "index_key": 0,
          "schema_version": 0,
          "attributes": {
            "branch_filter": "",
            "build_type": "",
            "filter_group": [
              {
                "filter": [
                  {
                    "exclude_matched_pattern": false,
                    "pattern": "PUSH",
                    "type": "EVENT"
                  },
                  {
                    "exclude_matched_pattern": false,
                    "pattern": "^refs/heads/dev$",
                    "type": "HEAD_REF"
                  }
                ]
              }
            ],
            "id": "dp-dev-19-testinrestore",
            "manual_creation": false,
            "payload_url": "https://codebuild.us-east-2.amazonaws.com/webhooks?t=eyJlbmNyeXB0ZWREYXRhIjoiNnJVR2JQN1lraHZoVDZPOVVnK3BTbC9CcG9CaFVvRTVIUFFoaWtZT3QwQmNBYkhqT3laOTZXT2hkZXF4c2JMZHFma2c4d1VrN3ZsNEFRM2hXQTFWSGNrPSIsIml2UGFyYW1ldGVyU3BlYyI6IkpKQTA5aVRPWEU5YWNCVjEiLCJtYXRlcmlhbFNldFNlcmlhbCI6MX0%3D\u0026v=1",
            "project_name": "dp-dev-19-testinrestore",
            "scope_configuration": [],
            "secret": "",
            "url": "https://api.github.com/repos/jess92588/drupal-19-testinrestore/hooks/556035308"
          },
          "sensitive_attributes": [
            [
              {
                "type": "get_attr",
                "value": "secret"
              }
            ]
          ],
          "private": "bnVsbA==",
          "dependencies": [
            "aws_lightsail_static_ip.static_ip",
            "module.codebuild.aws_codebuild_project.project",
            "module.codebuild.aws_codebuild_source_credential.github_credential",
            "module.codebuild.aws_iam_role.codebuild_role",
            "module.codebuild.data.aws_secretsmanager_secret_version.github_pat"
          ]
        }
      ]
    },
    {
      "module": "module.codebuild",
      "mode": "managed",
      "type": "aws_ecr_repository",
      "name": "app",
      "provider": "provider[\"registry.terraform.io/hashicorp/aws\"]",
      "instances": [
        {
          "schema_version": 0,
          "attributes": {
            "arn": "arn:aws:ecr:us-east-2:923159238841:repository/testinrestore/drupal",
            "encryption_configuration": [
              {
                "encryption_type": "AES256",
                "kms_key": ""
              }
            ],
            "force_delete": true,
            "id": "testinrestore/drupal",
            "image_scanning_configuration": [
              {
                "scan_on_push": false
              }
            ],
            "image_tag_mutability": "MUTABLE",
            "name": "testinrestore/drupal",
            "registry_id": "923159238841",
            "repository_url": "923159238841.dkr.ecr.us-east-2.amazonaws.com/testinrestore/drupal",
            "tags": {
              "Environment": "Dev",
              "Name": "testinrestore-drupal-app",
              "UserId": "19"
            },
            "tags_all": {
              "Environment": "Dev",
              "Name": "testinrestore-drupal-app",
              "UserId": "19"
            },
            "timeouts": null
          },
          "sensitive_attributes": [],
          "private": "eyJlMmJmYjczMC1lY2FhLTExZTYtOGY4OC0zNDM2M2JjN2M0YzAiOnsiZGVsZXRlIjoxMjAwMDAwMDAwMDAwfX0="
        }
      ]
    },
    {
      "module": "module.codebuild",
      "mode": "managed",
      "type": "aws_ecr_repository_policy",
      "name": "lightsail_ecr_policy",
      "provider": "provider[\"registry.terraform.io/hashicorp/aws\"]",
      "instances": [
        {
          "schema_version": 0,
          "attributes": {
            "id": "testinrestore/drupal",
            "policy": "{\"Statement\":[{\"Action\":[\"ecr:GetAuthorizationToken\",\"ecr:BatchCheckLayerAvailability\",\"ecr:GetDownloadUrlForLayer\",\"ecr:BatchGetImage\"],\"Effect\":\"Allow\",\"Principal\":{\"Service\":\"lightsail.amazonaws.com\"},\"Sid\":\"AllowLightsailPull\"}],\"Version\":\"2012-10-17\"}",
            "registry_id": "923159238841",
            "repository": "testinrestore/drupal"
          },
          "sensitive_attributes": [],
          "private": "bnVsbA==",
          "dependencies": [
            "module.codebuild.aws_ecr_repository.app"
          ]
        }
      ]
    },
    {
      "module": "module.codebuild",
      "mode": "managed",
      "type": "aws_iam_role",
      "name": "codebuild_role",
      "provider": "provider[\"registry.terraform.io/hashicorp/aws\"]",
      "instances": [
        {
          "schema_version": 0,
          "attributes": {
            "arn": "arn:aws:iam::923159238841:role/dp-dev-19-testinrestore-codebuild-role-dev",
            "assume_role_policy": "{\"Statement\":[{\"Action\":\"sts:AssumeRole\",\"Effect\":\"Allow\",\"Principal\":{\"Service\":\"codebuild.amazonaws.com\"}}],\"Version\":\"2012-10-17\"}",
            "create_date": "2025-07-04T15:54:54Z",
            "description": "",
            "force_detach_policies": false,
            "id": "dp-dev-19-testinrestore-codebuild-role-dev",
            "inline_policy": [],
            "managed_policy_arns": [],
            "max_session_duration": 3600,
            "name": "dp-dev-19-testinrestore-codebuild-role-dev",
            "name_prefix": "",
            "path": "/",
            "permissions_boundary": "",
            "tags": null,
            "tags_all": {},
            "unique_id": "AROA5N4EUDC45Z3ZXMOJN"
          },
          "sensitive_attributes": [],
          "private": "bnVsbA=="
        }
      ]
    },
    {
      "module": "module.codebuild",
      "mode": "managed",
      "type": "aws_iam_role_policy",
      "name": "codebuild_policy",
      "provider": "provider[\"registry.terraform.io/hashicorp/aws\"]",
      "instances": [
        {
          "schema_version": 0,
          "attributes": {
            "id": "dp-dev-19-testinrestore-codebuild-role-dev:dp-dev-19-testinrestore-codebuild-policy",
            "name": "dp-dev-19-testinrestore-codebuild-policy",
            "name_prefix": "",
            "policy": "{\"Version\":\"2012-10-17\",\"Statement\":[{\"Action\":[\"logs:CreateLogGroup\",\"logs:CreateLogStream\",\"logs:PutLogEvents\",\"codebuild:StartBuild\",\"codebuild:StartBuildBatch\"],\"Effect\":\"Allow\",\"Resource\":\"*\"},{\"Action\":[\"secretsmanager:GetSecretValue\"],\"Effect\":\"Allow\",\"Resource\":\"arn:aws:secretsmanager:us-east-2:923159238841:secret:sites/*\"},{\"Action\":[\"secretsmanager:GetSecretValue\"],\"Effect\":\"Allow\",\"Resource\":[\"arn:aws:secretsmanager:us-east-2:923159238841:secret:sites/dev/19/testinrestore*\",\"arn:aws:secretsmanager:us-east-2:923159238841:secret:ssh/dev/19/testinrestore*\"]},{\"Action\":[\"lightsail:*\"],\"Effect\":\"Allow\",\"Resource\":\"*\"},{\"Action\":[\"ecr:GetAuthorizationToken\",\"ecr:BatchCheckLayerAvailability\",\"ecr:GetDownloadUrlForLayer\",\"ecr:BatchGetImage\",\"ecr:CompleteLayerUpload\",\"ecr:InitiateLayerUpload\",\"ecr:PutImage\",\"ecr:UploadLayerPart\"],\"Effect\":\"Allow\",\"Resource\":\"*\"}]}",
            "role": "dp-dev-19-testinrestore-codebuild-role-dev"
          },
          "sensitive_attributes": [],
          "private": "bnVsbA==",
          "dependencies": [
            "module.codebuild.aws_iam_role.codebuild_role",
            "module.codebuild.data.aws_caller_identity.current"
          ]
        }
      ]
    }
  ],
  "check_results": null
}
